
Microsoft Visual Studio Solution File, Format Version 12.00
# Visual Studio Version 16
VisualStudioVersion = 16.0.29519.181
MinimumVisualStudioVersion = 10.0.40219.1
Project("{FAE04EC0-301F-11D3-BF4B-00C04F79EFBC}") = "PlanetM", "PlanetM\PlanetM.csproj", "{0A5A6676-2FC7-4B0D-86C7-31999CE97377}"
EndProject
Global
	GlobalSection(SolutionConfigurationPlatforms) = preSolution
		Debug|Any CPU = Debug|Any CPU
		Release|Any CPU = Release|Any CPU
	EndGlobalSection
	GlobalSection(ProjectConfigurationPlatforms) = postSolution
		{0A5A6676-2FC7-4B0D-86C7-31999CE97377}.Debug|Any CPU.ActiveCfg = Debug|Any CPU
		{0A5A6676-2FC7-4B0D-86C7-31999CE97377}.Debug|Any CPU.Build.0 = Debug|Any CPU
		{0A5A6676-2FC7-4B0D-86C7-31999CE97377}.Release|Any CPU.ActiveCfg = Release|Any CPU
		{0A5A6676-2FC7-4B0D-86C7-31999CE97377}.Release|Any CPU.Build.0 = Release|Any CPU
	EndGlobalSection
	GlobalSection(SolutionProperties) = preSolution
		HideSolutionNode = FALSE
	EndGlobalSection
	GlobalSection(ExtensibilityGlobals) = postSolution
		SolutionGuid = {6B686197-AB4A-4D2B-B090-14D5D9A4FBF7}
	EndGlobalSection
EndGlobal
